
Microsoft Visual Studio Solution File, Format Version 12.00
# Visual Studio Version 17
VisualStudioVersion = 17.14.36511.14 d17.14
MinimumVisualStudioVersion = 10.0.40219.1
Project("{D2ABAB84-BF74-430A-B69E-9DC6D40DDA17}") = "TMDB_Movie_SSAS", "TMDB_Movie_SSAS.dwproj", "{A9181DF1-5855-7543-1547-2AB94561A5DE}"
EndProject
Global
	GlobalSection(SolutionConfigurationPlatforms) = preSolution
		Development|Default = Development|Default
	EndGlobalSection
	GlobalSection(ProjectConfigurationPlatforms) = postSolution
		{A9181DF1-5855-7543-1547-2AB94561A5DE}.Development|Default.ActiveCfg = Development
		{A9181DF1-5855-7543-1547-2AB94561A5DE}.Development|Default.Build.0 = Development
		{A9181DF1-5855-7543-1547-2AB94561A5DE}.Development|Default.Deploy.0 = Development
	EndGlobalSection
	GlobalSection(SolutionProperties) = preSolution
		HideSolutionNode = FALSE
	EndGlobalSection
	GlobalSection(ExtensibilityGlobals) = postSolution
		SolutionGuid = {68601E59-A637-4268-BABC-4FBCABF620A0}
	EndGlobalSection
EndGlobal
