
Microsoft Visual Studio Solution File, Format Version 12.00
# Visual Studio Version 17
VisualStudioVersion = 17.14.36511.14 d17.14
MinimumVisualStudioVersion = 10.0.40219.1
Project("{C9674DCB-5085-4A16-B785-4C70DD1589BD}") = "TMDB_MOVIE_SSIS", "TMDB_MOVIE_SSIS.dtproj", "{F8711C2A-A1DC-E9BA-15E4-BDAAD7ABDE77}"
EndProject
Global
	GlobalSection(SolutionConfigurationPlatforms) = preSolution
		Development|Default = Development|Default
	EndGlobalSection
	GlobalSection(ProjectConfigurationPlatforms) = postSolution
		{F8711C2A-A1DC-E9BA-15E4-BDAAD7ABDE77}.Development|Default.ActiveCfg = Development
		{F8711C2A-A1DC-E9BA-15E4-BDAAD7ABDE77}.Development|Default.Build.0 = Development
	EndGlobalSection
	GlobalSection(SolutionProperties) = preSolution
		HideSolutionNode = FALSE
	EndGlobalSection
	GlobalSection(ExtensibilityGlobals) = postSolution
		SolutionGuid = {DFFCA1DC-B254-4CE2-A940-A576925ED8E3}
	EndGlobalSection
EndGlobal
